
Microsoft Visual Studio Solution File, Format Version 12.00
# Visual Studio Version 16
VisualStudioVersion = 16.0.30611.23
MinimumVisualStudioVersion = 10.0.40219.1
Project("{FAE04EC0-301F-11D3-BF4B-00C04F79EFBC}") = "AwesomeApp.Android", "AwesomeApp\AwesomeApp.Android\AwesomeApp.Android.csproj", "{A54C8C3D-6ED6-40B7-8D74-595CDC947818}"
EndProject
Project("{FAE04EC0-301F-11D3-BF4B-00C04F79EFBC}") = "AwesomeApp.iOS", "AwesomeApp\AwesomeApp.iOS\AwesomeApp.iOS.csproj", "{03BF5F35-F364-4915-846D-61C2A18D50BA}"
EndProject
Project("{FAE04EC0-301F-11D3-BF4B-00C04F79EFBC}") = "AwesomeApp", "AwesomeApp\AwesomeApp\AwesomeApp.csproj", "{17842F2C-4A64-4992-811D-62E6ACAD3E8D}"
EndProject
Global
	GlobalSection(SolutionConfigurationPlatforms) = preSolution
		Debug|Any CPU = Debug|Any CPU
		Debug|iPhone = Debug|iPhone
		Debug|iPhoneSimulator = Debug|iPhoneSimulator
		Release|Any CPU = Release|Any CPU
		Release|iPhone = Release|iPhone
		Release|iPhoneSimulator = Release|iPhoneSimulator
	EndGlobalSection
	GlobalSection(ProjectConfigurationPlatforms) = postSolution
		{A54C8C3D-6ED6-40B7-8D74-595CDC947818}.Debug|Any CPU.ActiveCfg = Debug|Any CPU
		{A54C8C3D-6ED6-40B7-8D74-595CDC947818}.Debug|Any CPU.Build.0 = Debug|Any CPU
		{A54C8C3D-6ED6-40B7-8D74-595CDC947818}.Debug|Any CPU.Deploy.0 = Debug|Any CPU
		{A54C8C3D-6ED6-40B7-8D74-595CDC947818}.Debug|iPhone.ActiveCfg = Debug|Any CPU
		{A54C8C3D-6ED6-40B7-8D74-595CDC947818}.Debug|iPhone.Build.0 = Debug|Any CPU
		{A54C8C3D-6ED6-40B7-8D74-595CDC947818}.Debug|iPhone.Deploy.0 = Debug|Any CPU
		{A54C8C3D-6ED6-40B7-8D74-595CDC947818}.Debug|iPhoneSimulator.ActiveCfg = Debug|Any CPU
		{A54C8C3D-6ED6-40B7-8D74-595CDC947818}.Debug|iPhoneSimulator.Build.0 = Debug|Any CPU
		{A54C8C3D-6ED6-40B7-8D74-595CDC947818}.Debug|iPhoneSimulator.Deploy.0 = Debug|Any CPU
		{A54C8C3D-6ED6-40B7-8D74-595CDC947818}.Release|Any CPU.ActiveCfg = Release|Any CPU
		{A54C8C3D-6ED6-40B7-8D74-595CDC947818}.Release|Any CPU.Build.0 = Release|Any CPU
		{A54C8C3D-6ED6-40B7-8D74-595CDC947818}.Release|Any CPU.Deploy.0 = Release|Any CPU
		{A54C8C3D-6ED6-40B7-8D74-595CDC947818}.Release|iPhone.ActiveCfg = Release|Any CPU
		{A54C8C3D-6ED6-40B7-8D74-595CDC947818}.Release|iPhone.Build.0 = Release|Any CPU
		{A54C8C3D-6ED6-40B7-8D74-595CDC947818}.Release|iPhone.Deploy.0 = Release|Any CPU
		{A54C8C3D-6ED6-40B7-8D74-595CDC947818}.Release|iPhoneSimulator.ActiveCfg = Release|Any CPU
		{A54C8C3D-6ED6-40B7-8D74-595CDC947818}.Release|iPhoneSimulator.Build.0 = Release|Any CPU
		{A54C8C3D-6ED6-40B7-8D74-595CDC947818}.Release|iPhoneSimulator.Deploy.0 = Release|Any CPU
		{03BF5F35-F364-4915-846D-61C2A18D50BA}.Debug|Any CPU.ActiveCfg = Debug|iPhone
		{03BF5F35-F364-4915-846D-61C2A18D50BA}.Debug|Any CPU.Build.0 = Debug|iPhone
		{03BF5F35-F364-4915-846D-61C2A18D50BA}.Debug|Any CPU.Deploy.0 = Debug|iPhone
		{03BF5F35-F364-4915-846D-61C2A18D50BA}.Debug|iPhone.ActiveCfg = Debug|iPhone
		{03BF5F35-F364-4915-846D-61C2A18D50BA}.Debug|iPhone.Build.0 = Debug|iPhone
		{03BF5F35-F364-4915-846D-61C2A18D50BA}.Debug|iPhone.Deploy.0 = Debug|iPhone
		{03BF5F35-F364-4915-846D-61C2A18D50BA}.Debug|iPhoneSimulator.ActiveCfg = Debug|iPhoneSimulator
		{03BF5F35-F364-4915-846D-61C2A18D50BA}.Debug|iPhoneSimulator.Build.0 = Debug|iPhoneSimulator
		{03BF5F35-F364-4915-846D-61C2A18D50BA}.Debug|iPhoneSimulator.Deploy.0 = Debug|iPhoneSimulator
		{03BF5F35-F364-4915-846D-61C2A18D50BA}.Release|Any CPU.ActiveCfg = Release|iPhoneSimulator
		{03BF5F35-F364-4915-846D-61C2A18D50BA}.Release|Any CPU.Build.0 = Release|iPhoneSimulator
		{03BF5F35-F364-4915-846D-61C2A18D50BA}.Release|Any CPU.Deploy.0 = Release|iPhoneSimulator
		{03BF5F35-F364-4915-846D-61C2A18D50BA}.Release|iPhone.ActiveCfg = Release|iPhone
		{03BF5F35-F364-4915-846D-61C2A18D50BA}.Release|iPhone.Build.0 = Release|iPhone
		{03BF5F35-F364-4915-846D-61C2A18D50BA}.Release|iPhone.Deploy.0 = Release|iPhone
		{03BF5F35-F364-4915-846D-61C2A18D50BA}.Release|iPhoneSimulator.ActiveCfg = Release|iPhoneSimulator
		{03BF5F35-F364-4915-846D-61C2A18D50BA}.Release|iPhoneSimulator.Build.0 = Release|iPhoneSimulator
		{03BF5F35-F364-4915-846D-61C2A18D50BA}.Release|iPhoneSimulator.Deploy.0 = Release|iPhoneSimulator
		{17842F2C-4A64-4992-811D-62E6ACAD3E8D}.Debug|Any CPU.ActiveCfg = Debug|Any CPU
		{17842F2C-4A64-4992-811D-62E6ACAD3E8D}.Debug|Any CPU.Build.0 = Debug|Any CPU
		{17842F2C-4A64-4992-811D-62E6ACAD3E8D}.Debug|Any CPU.Deploy.0 = Debug|Any CPU
		{17842F2C-4A64-4992-811D-62E6ACAD3E8D}.Debug|iPhone.ActiveCfg = Debug|Any CPU
		{17842F2C-4A64-4992-811D-62E6ACAD3E8D}.Debug|iPhone.Build.0 = Debug|Any CPU
		{17842F2C-4A64-4992-811D-62E6ACAD3E8D}.Debug|iPhone.Deploy.0 = Debug|Any CPU
		{17842F2C-4A64-4992-811D-62E6ACAD3E8D}.Debug|iPhoneSimulator.ActiveCfg = Debug|Any CPU
		{17842F2C-4A64-4992-811D-62E6ACAD3E8D}.Debug|iPhoneSimulator.Build.0 = Debug|Any CPU
		{17842F2C-4A64-4992-811D-62E6ACAD3E8D}.Debug|iPhoneSimulator.Deploy.0 = Debug|Any CPU
		{17842F2C-4A64-4992-811D-62E6ACAD3E8D}.Release|Any CPU.ActiveCfg = Release|Any CPU
		{17842F2C-4A64-4992-811D-62E6ACAD3E8D}.Release|Any CPU.Build.0 = Release|Any CPU
		{17842F2C-4A64-4992-811D-62E6ACAD3E8D}.Release|Any CPU.Deploy.0 = Release|Any CPU
		{17842F2C-4A64-4992-811D-62E6ACAD3E8D}.Release|iPhone.ActiveCfg = Release|Any CPU
		{17842F2C-4A64-4992-811D-62E6ACAD3E8D}.Release|iPhone.Build.0 = Release|Any CPU
		{17842F2C-4A64-4992-811D-62E6ACAD3E8D}.Release|iPhone.Deploy.0 = Release|Any CPU
		{17842F2C-4A64-4992-811D-62E6ACAD3E8D}.Release|iPhoneSimulator.ActiveCfg = Release|Any CPU
		{17842F2C-4A64-4992-811D-62E6ACAD3E8D}.Release|iPhoneSimulator.Build.0 = Release|Any CPU
		{17842F2C-4A64-4992-811D-62E6ACAD3E8D}.Release|iPhoneSimulator.Deploy.0 = Release|Any CPU
	EndGlobalSection
	GlobalSection(SolutionProperties) = preSolution
		HideSolutionNode = FALSE
	EndGlobalSection
	GlobalSection(ExtensibilityGlobals) = postSolution
		SolutionGuid = {BC1E1724-4D24-4392-BE51-CF64C4F580FD}
	EndGlobalSection
EndGlobal
